{
  "name": "test_app",
  "version": "1.0.0",
  "lockfileVersion": 3,
  "requires": true,
  "packages": {
    "": {
      "name": "test_app",
      "version": "1.0.0",
      "license": "MIT",
      "dependencies": {
        "left-pad": "^1.2.0",
        "test_app": "file:"
      },
      "devDependencies": {
        "right-pad": "^1.0.1"
      }
    },
    "node_modules/left-pad": {
      "version": "1.2.0",
      "resolved": "https://registry.npmjs.org/left-pad/-/left-pad-1.2.0.tgz",
      "integrity": "sha512-OQadpCyFCT/VLniZQgym8d3/ofIJtuZyw2ibsVeIUOexKgW/osn8+mMFJbwGMPeDC4GnLzD8q115WPCDx4YRWg==",
      "deprecated": "use String.prototype.padStart()",
      "license": "WTFPL"
    },
    "node_modules/right-pad": {
      "version": "1.0.1",
      "resolved": "https://registry.npmjs.org/right-pad/-/right-pad-1.0.1.tgz",
      "integrity": "sha512-bYBjgxmkvTAfgIYy328fmkwhp39v8lwVgWhhrzxPV3yHtcSqyYKe9/XOhvW48UFjATg3VuJbpsp5822ACNvkmw==",
      "deprecated": "Please use String.prototype.padEnd() over this package.",
      "dev": true,
      "license": "MIT",
      "engines": {
        "node": ">= 0.10"
      }
    },
    "node_modules/test_app": {
      "resolved": "",
      "link": true
    }
  }
}
